// !$*UTF8*$!
{
	archiveVersion = 1;
	classes = {
	};
	objectVersion = 48;
	objects = {

/* Begin PBXBuildFile section */
		87CD71F02133986700864CAA /* AppDelegate.swift in Sources */ = {isa = PBXBuildFile; fileRef = 87CD71EF2133986700864CAA /* AppDelegate.swift */; };
		87CD71F22133986700864CAA /* DetailViewController.swift in Sources */ = {isa = PBXBuildFile; fileRef = 87CD71F12133986700864CAA /* DetailViewController.swift */; };
		87CD71F52133986700864CAA /* Main.storyboard in Resources */ = {isa = PBXBuildFile; fileRef = 87CD71F32133986700864CAA /* Main.storyboard */; };
		87CD71F72133986700864CAA /* Assets.xcassets in Resources */ = {isa = PBXBuildFile; fileRef = 87CD71F62133986700864CAA /* Assets.xcassets */; };
		87CD71FA2133986700864CAA /* LaunchScreen.storyboard in Resources */ = {isa = PBXBuildFile; fileRef = 87CD71F82133986700864CAA /* LaunchScreen.storyboard */; };
		87CD72022133988000864CAA /* TableViewController.swift in Sources */ = {isa = PBXBuildFile; fileRef = 87CD72012133988000864CAA /* TableViewController.swift */; };
		87CD7206213398CB00864CAA /* NotificationKey.swift in Sources */ = {isa = PBXBuildFile; fileRef = 87CD7205213398CB00864CAA /* NotificationKey.swift */; };
/* End PBXBuildFile section */

/* Begin PBXFileReference section */
		87CD71EC2133986700864CAA /* NotificationTableView.app */ = {isa = PBXFileReference; explicitFileType = wrapper.application; includeInIndex = 0; path = NotificationTableView.app; sourceTree = BUILT_PRODUCTS_DIR; };
		87CD71EF2133986700864CAA /* AppDelegate.swift */ = {isa = PBXFileReference; lastKnownFileType = sourcecode.swift; path = AppDelegate.swift; sourceTree = "<group>"; };
		87CD71F12133986700864CAA /* DetailViewController.swift */ = {isa = PBXFileReference; lastKnownFileType = sourcecode.swift; path = DetailViewController.swift; sourceTree = "<group>"; };
		87CD71F42133986700864CAA /* Base */ = {isa = PBXFileReference; lastKnownFileType = file.storyboard; name = Base; path = Base.lproj/Main.storyboard; sourceTree = "<group>"; };
		87CD71F62133986700864CAA /* Assets.xcassets */ = {isa = PBXFileReference; lastKnownFileType = folder.assetcatalog; path = Assets.xcassets; sourceTree = "<group>"; };
		87CD71F92133986700864CAA /* Base */ = {isa = PBXFileReference; lastKnownFileType = file.storyboard; name = Base; path = Base.lproj/LaunchScreen.storyboard; sourceTree = "<group>"; };
		87CD71FB2133986700864CAA /* Info.plist */ = {isa = PBXFileReference; lastKnownFileType = text.plist.xml; path = Info.plist; sourceTree = "<group>"; };
		87CD72012133988000864CAA /* TableViewController.swift */ = {isa = PBXFileReference; lastKnownFileType = sourcecode.swift; path = TableViewController.swift; sourceTree = "<group>"; };
		87CD7205213398CB00864CAA /* NotificationKey.swift */ = {isa = PBXFileReference; lastKnownFileType = sourcecode.swift; path = NotificationKey.swift; sourceTree = "<group>"; };
/* End PBXFileReference section */

/* Begin PBXFrameworksBuildPhase section */
		87CD71E92133986700864CAA /* Frameworks */ = {
			isa = PBXFrameworksBuildPhase;
			buildActionMask = 2147483647;
			files = (
			);
			runOnlyForDeploymentPostprocessing = 0;
		};
/* End PBXFrameworksBuildPhase section */

/* Begin PBXGroup section */
		87CD71E32133986700864CAA = {
			isa = PBXGroup;
			children = (
				87CD71EE2133986700864CAA /* NotificationTableView */,
				87CD71ED2133986700864CAA /* Products */,
			);
			sourceTree = "<group>";
		};
		87CD71ED2133986700864CAA /* Products */ = {
			isa = PBXGroup;
			children = (
				87CD71EC2133986700864CAA /* NotificationTableView.app */,
			);
			name = Products;
			sourceTree = "<group>";
		};
		87CD71EE2133986700864CAA /* NotificationTableView */ = {
			isa = PBXGroup;
			children = (
				87CD71EF2133986700864CAA /* AppDelegate.swift */,
				87CD71F12133986700864CAA /* DetailViewController.swift */,
				87CD72012133988000864CAA /* TableViewController.swift */,
				87CD7205213398CB00864CAA /* NotificationKey.swift */,
				87CD71F32133986700864CAA /* Main.storyboard */,
				87CD71F62133986700864CAA /* Assets.xcassets */,
				87CD71F82133986700864CAA /* LaunchScreen.storyboard */,
				87CD71FB2133986700864CAA /* Info.plist */,
			);
			path = NotificationTableView;
			sourceTree = "<group>";
		};
/* End PBXGroup section */

/* Begin PBXNativeTarget section */
		87CD71EB2133986700864CAA /* NotificationTableView */ = {
			isa = PBXNativeTarget;
			buildConfigurationList = 87CD71FE2133986700864CAA /* Build configuration list for PBXNativeTarget "NotificationTableView" */;
			buildPhases = (
				87CD71E82133986700864CAA /* Sources */,
				87CD71E92133986700864CAA /* Frameworks */,
				87CD71EA2133986700864CAA /* Resources */,
			);
			buildRules = (
			);
			dependencies = (
			);
			name = NotificationTableView;
			productName = NotificationTableView;
			productReference = 87CD71EC2133986700864CAA /* NotificationTableView.app */;
			productType = "com.apple.product-type.application";
		};
/* End PBXNativeTarget section */

/* Begin PBXProject section */
		87CD71E42133986700864CAA /* Project object */ = {
			isa = PBXProject;
			attributes = {
				LastSwiftUpdateCheck = 0920;
				LastUpgradeCheck = 0920;
				ORGANIZATIONNAME = trung;
				TargetAttributes = {
					87CD71EB2133986700864CAA = {
						CreatedOnToolsVersion = 9.2;
						ProvisioningStyle = Automatic;
					};
				};
			};
			buildConfigurationList = 87CD71E72133986700864CAA /* Build configuration list for PBXProject "NotificationTableView" */;
			compatibilityVersion = "Xcode 8.0";
			developmentRegion = en;
			hasScannedForEncodings = 0;
			knownRegions = (
				en,
				Base,
			);
			mainGroup = 87CD71E32133986700864CAA;
			productRefGroup = 87CD71ED2133986700864CAA /* Products */;
			projectDirPath = "";
			projectRoot = "";
			targets = (
				87CD71EB2133986700864CAA /* NotificationTableView */,
			);
		};
/* End PBXProject section */

/* Begin PBXResourcesBuildPhase section */
		87CD71EA2133986700864CAA /* Resources */ = {
			isa = PBXResourcesBuildPhase;
			buildActionMask = 2147483647;
			files = (
				87CD71FA2133986700864CAA /* LaunchScreen.storyboard in Resources */,
				87CD71F72133986700864CAA /* Assets.xcassets in Resources */,
				87CD71F52133986700864CAA /* Main.storyboard in Resources */,
			);
			runOnlyForDeploymentPostprocessing = 0;
		};
/* End PBXResourcesBuildPhase section */

/* Begin PBXSourcesBuildPhase section */
		87CD71E82133986700864CAA /* Sources */ = {
			isa = PBXSourcesBuildPhase;
			buildActionMask = 2147483647;
			files = (
				87CD7206213398CB00864CAA /* NotificationKey.swift in Sources */,
				87CD71F22133986700864CAA /* DetailViewController.swift in Sources */,
				87CD72022133988000864CAA /* TableViewController.swift in Sources */,
				87CD71F02133986700864CAA /* AppDelegate.swift in Sources */,
			);
			runOnlyForDeploymentPostprocessing = 0;
		};
/* End PBXSourcesBuildPhase section */

/* Begin PBXVariantGroup section */
		87CD71F32133986700864CAA /* Main.storyboard */ = {
			isa = PBXVariantGroup;
			children = (
				87CD71F42133986700864CAA /* Base */,
			);
			name = Main.storyboard;
			sourceTree = "<group>";
		};
		87CD71F82133986700864CAA /* LaunchScreen.storyboard */ = {
			isa = PBXVariantGroup;
			children = (
				87CD71F92133986700864CAA /* Base */,
			);
			name = LaunchScreen.storyboard;
			sourceTree = "<group>";
		};
/* End PBXVariantGroup section */

/* Begin XCBuildConfiguration section */
		87CD71FC2133986700864CAA /* Debug */ = {
			isa = XCBuildConfiguration;
			buildSettings = {
				ALWAYS_SEARCH_USER_PATHS = NO;
				CLANG_ANALYZER_NONNULL = YES;
				CLANG_ANALYZER_NUMBER_OBJECT_CONVERSION = YES_AGGRESSIVE;
				CLANG_CXX_LANGUAGE_STANDARD = "gnu++14";
				CLANG_CXX_LIBRARY = "libc++";
				CLANG_ENABLE_MODULES = YES;
				CLANG_ENABLE_OBJC_ARC = YES;
				CLANG_WARN_BLOCK_CAPTURE_AUTORELEASING = YES;
				CLANG_WARN_BOOL_CONVERSION = YES;
				CLANG_WARN_COMMA = YES;
				CLANG_WARN_CONSTANT_CONVERSION = YES;
				CLANG_WARN_DIRECT_OBJC_ISA_USAGE = YES_ERROR;
				CLANG_WARN_DOCUMENTATION_COMMENTS = YES;
				CLANG_WARN_EMPTY_BODY = YES;
				CLANG_WARN_ENUM_CONVERSION = YES;
				CLANG_WARN_INFINITE_RECURSION = YES;
				CLANG_WARN_INT_CONVERSION = YES;
				CLANG_WARN_NON_LITERAL_NULL_CONVERSION = YES;
				CLANG_WARN_OBJC_LITERAL_CONVERSION = YES;
				CLANG_WARN_OBJC_ROOT_CLASS = YES_ERROR;
				CLANG_WARN_RANGE_LOOP_ANALYSIS = YES;
				CLANG_WARN_STRICT_PROTOTYPES = YES;
				CLANG_WARN_SUSPICIOUS_MOVE = YES;
				CLANG_WARN_UNGUARDED_AVAILABILITY = YES_AGGRESSIVE;
				CLANG_WARN_UNREACHABLE_CODE = YES;
				CLANG_WARN__DUPLICATE_METHOD_MATCH = YES;
				CODE_SIGN_IDENTITY = "iPhone Developer";
				COPY_PHASE_STRIP = NO;
				DEBUG_INFORMATION_FORMAT = dwarf;
				ENABLE_STRICT_OBJC_MSGSEND = YES;
				ENABLE_TESTABILITY = YES;
				GCC_C_LANGUAGE_STANDARD = gnu11;
				GCC_DYNAMIC_NO_PIC = NO;
				GCC_NO_COMMON_BLOCKS = YES;
				GCC_OPTIMIZATION_LEVEL = 0;
				GCC_PREPROCESSOR_DEFINITIONS = (
					"DEBUG=1",
					"$(inherited)",
				);
				GCC_WARN_64_TO_32_BIT_CONVERSION = YES;
				GCC_WARN_ABOUT_RETURN_TYPE = YES_ERROR;
				GCC_WARN_UNDECLARED_SELECTOR = YES;
				GCC_WARN_UNINITIALIZED_AUTOS = YES_AGGRESSIVE;
				GCC_WARN_UNUSED_FUNCTION = YES;
				GCC_WARN_UNUSED_VARIABLE = YES;
				IPHONEOS_DEPLOYMENT_TARGET = 11.2;
				MTL_ENABLE_DEBUG_INFO = YES;
				ONLY_ACTIVE_ARCH = YES;
				SDKROOT = iphoneos;
				SWIFT_ACTIVE_COMPILATION_CONDITIONS = DEBUG;
				SWIFT_OPTIMIZATION_LEVEL = "-Onone";
			};
			name = Debug;
		};
		87CD71FD2133986700864CAA /* Release */ = {
			isa = XCBuildConfiguration;
			buildSettings = {
				ALWAYS_SEARCH_USER_PATHS = NO;
				CLANG_ANALYZER_NONNULL = YES;
				CLANG_ANALYZER_NUMBER_OBJECT_CONVERSION = YES_AGGRESSIVE;
				CLANG_CXX_LANGUAGE_STANDARD = "gnu++14";
				CLANG_CXX_LIBRARY = "libc++";
				CLANG_ENABLE_MODULES = YES;
				CLANG_ENABLE_OBJC_ARC = YES;
				CLANG_WARN_BLOCK_CAPTURE_AUTORELEASING = YES;
				CLANG_WARN_BOOL_CONVERSION = YES;
				CLANG_WARN_COMMA = YES;
				CLANG_WARN_CONSTANT_CONVERSION = YES;
				CLANG_WARN_DIRECT_OBJC_ISA_USAGE = YES_ERROR;
				CLANG_WARN_DOCUMENTATION_COMMENTS = YES;
				CLANG_WARN_EMPTY_BODY = YES;
				CLANG_WARN_ENUM_CONVERSION = YES;
				CLANG_WARN_INFINITE_RECURSION = YES;
				CLANG_WARN_INT_CONVERSION = YES;
				CLANG_WARN_NON_LITERAL_NULL_CONVERSION = YES;
				CLANG_WARN_OBJC_LITERAL_CONVERSION = YES;
				CLANG_WARN_OBJC_ROOT_CLASS = YES_ERROR;
				CLANG_WARN_RANGE_LOOP_ANALYSIS = YES;
				CLANG_WARN_STRICT_PROTOTYPES = YES;
				CLANG_WARN_SUSPICIOUS_MOVE = YES;
				CLANG_WARN_UNGUARDED_AVAILABILITY = YES_AGGRESSIVE;
				CLANG_WARN_UNREACHABLE_CODE = YES;
				CLANG_WARN__DUPLICATE_METHOD_MATCH = YES;
				CODE_SIGN_IDENTITY = "iPhone Developer";
				COPY_PHASE_STRIP = NO;
				DEBUG_INFORMATION_FORMAT = "dwarf-with-dsym";
				ENABLE_NS_ASSERTIONS = NO;
				ENABLE_STRICT_OBJC_MSGSEND = YES;
				GCC_C_LANGUAGE_STANDARD = gnu11;
				GCC_NO_COMMON_BLOCKS = YES;
				GCC_WARN_64_TO_32_BIT_CONVERSION = YES;
				GCC_WARN_ABOUT_RETURN_TYPE = YES_ERROR;
				GCC_WARN_UNDECLARED_SELECTOR = YES;
				GCC_WARN_UNINITIALIZED_AUTOS = YES_AGGRESSIVE;
				GCC_WARN_UNUSED_FUNCTION = YES;
				GCC_WARN_UNUSED_VARIABLE = YES;
				IPHONEOS_DEPLOYMENT_TARGET = 11.2;
				MTL_ENABLE_DEBUG_INFO = NO;
				SDKROOT = iphoneos;
				SWIFT_OPTIMIZATION_LEVEL = "-Owholemodule";
				VALIDATE_PRODUCT = YES;
			};
			name = Release;
		};
		87CD71FF2133986700864CAA /* Debug */ = {
			isa = XCBuildConfiguration;
			buildSettings = {
				ASSETCATALOG_COMPILER_APPICON_NAME = AppIcon;
				CODE_SIGN_STYLE = Automatic;
				INFOPLIST_FILE = NotificationTableView/Info.plist;
				LD_RUNPATH_SEARCH_PATHS = "$(inherited) @executable_path/Frameworks";
				PRODUCT_BUNDLE_IDENTIFIER = TrungCatun.NotificationTableView;
				PRODUCT_NAME = "$(TARGET_NAME)";
				SWIFT_VERSION = 4.0;
				TARGETED_DEVICE_FAMILY = "1,2";
			};
			name = Debug;
		};
		87CD72002133986700864CAA /* Release */ = {
			isa = XCBuildConfiguration;
			buildSettings = {
				ASSETCATALOG_COMPILER_APPICON_NAME = AppIcon;
				CODE_SIGN_STYLE = Automatic;
				INFOPLIST_FILE = NotificationTableView/Info.plist;
				LD_RUNPATH_SEARCH_PATHS = "$(inherited) @executable_path/Frameworks";
				PRODUCT_BUNDLE_IDENTIFIER = TrungCatun.NotificationTableView;
				PRODUCT_NAME = "$(TARGET_NAME)";
				SWIFT_VERSION = 4.0;
				TARGETED_DEVICE_FAMILY = "1,2";
			};
			name = Release;
		};
/* End XCBuildConfiguration section */

/* Begin XCConfigurationList section */
		87CD71E72133986700864CAA /* Build configuration list for PBXProject "NotificationTableView" */ = {
			isa = XCConfigurationList;
			buildConfigurations = (
				87CD71FC2133986700864CAA /* Debug */,
				87CD71FD2133986700864CAA /* Release */,
			);
			defaultConfigurationIsVisible = 0;
			defaultConfigurationName = Release;
		};
		87CD71FE2133986700864CAA /* Build configuration list for PBXNativeTarget "NotificationTableView" */ = {
			isa = XCConfigurationList;
			buildConfigurations = (
				87CD71FF2133986700864CAA /* Debug */,
				87CD72002133986700864CAA /* Release */,
			);
			defaultConfigurationIsVisible = 0;
			defaultConfigurationName = Release;
		};
/* End XCConfigurationList section */
	};
	rootObject = 87CD71E42133986700864CAA /* Project object */;
}
